
Microsoft Visual Studio Solution File, Format Version 12.00
# Visual Studio Version 17
VisualStudioVersion = 17.5.002.0
MinimumVisualStudioVersion = 10.0.40219.1
Project("{9A19103F-16F7-4668-BE54-9A1E7A4F7556}") = "azure code", "azure code.csproj", "{31ED37DB-39FB-4DAA-B63A-B617024FDB83}"
EndProject
Global
	GlobalSection(SolutionConfigurationPlatforms) = preSolution
		Debug|Any CPU = Debug|Any CPU
		Release|Any CPU = Release|Any CPU
	EndGlobalSection
	GlobalSection(ProjectConfigurationPlatforms) = postSolution
		{31ED37DB-39FB-4DAA-B63A-B617024FDB83}.Debug|Any CPU.ActiveCfg = Debug|Any CPU
		{31ED37DB-39FB-4DAA-B63A-B617024FDB83}.Debug|Any CPU.Build.0 = Debug|Any CPU
		{31ED37DB-39FB-4DAA-B63A-B617024FDB83}.Release|Any CPU.ActiveCfg = Release|Any CPU
		{31ED37DB-39FB-4DAA-B63A-B617024FDB83}.Release|Any CPU.Build.0 = Release|Any CPU
	EndGlobalSection
	GlobalSection(SolutionProperties) = preSolution
		HideSolutionNode = FALSE
	EndGlobalSection
	GlobalSection(ExtensibilityGlobals) = postSolution
		SolutionGuid = {94450618-6D36-4AD7-84AA-E9EE563A0317}
	EndGlobalSection
EndGlobal
